
Microsoft Visual Studio Solution File, Format Version 12.00
Project("{FAE04EC0-301F-11D3-BF4B-00C04F79EFBC}") = "EMIAS-analytics", "EMIAS-analytics\EMIAS-analytics.csproj", "{1A13B987-982F-414A-9B67-53ABEDA0CA72}"
EndProject
Project("{FAE04EC0-301F-11D3-BF4B-00C04F79EFBC}") = "EMIAS_Tests", "EMIAS_Tests\EMIAS_Tests.csproj", "{0A660DFD-F647-4FE9-854F-2555C1052660}"
EndProject
Global
	GlobalSection(SolutionConfigurationPlatforms) = preSolution
		Debug|Any CPU = Debug|Any CPU
		Release|Any CPU = Release|Any CPU
	EndGlobalSection
	GlobalSection(ProjectConfigurationPlatforms) = postSolution
		{1A13B987-982F-414A-9B67-53ABEDA0CA72}.Debug|Any CPU.ActiveCfg = Debug|Any CPU
		{1A13B987-982F-414A-9B67-53ABEDA0CA72}.Debug|Any CPU.Build.0 = Debug|Any CPU
		{1A13B987-982F-414A-9B67-53ABEDA0CA72}.Release|Any CPU.ActiveCfg = Release|Any CPU
		{1A13B987-982F-414A-9B67-53ABEDA0CA72}.Release|Any CPU.Build.0 = Release|Any CPU
		{0A660DFD-F647-4FE9-854F-2555C1052660}.Debug|Any CPU.ActiveCfg = Debug|Any CPU
		{0A660DFD-F647-4FE9-854F-2555C1052660}.Debug|Any CPU.Build.0 = Debug|Any CPU
		{0A660DFD-F647-4FE9-854F-2555C1052660}.Release|Any CPU.ActiveCfg = Release|Any CPU
		{0A660DFD-F647-4FE9-854F-2555C1052660}.Release|Any CPU.Build.0 = Release|Any CPU
	EndGlobalSection
EndGlobal
